# THIS IS AN AUTOGENERATED FILE. DO NOT EDIT THIS FILE DIRECTLY.
# yarn lockfile v1


"@azure/functions@^3.0.0":
  version "3.2.0"
  resolved "https://registry.npmmirror.com/@azure/functions/-/functions-3.2.0.tgz#c73003db8bd93be186824db29e98e00879bf0f91"
  integrity sha512-HbE7iORnYcjLzKNf5mIQRJQDTsVxhoXHRWEZ6KWdGh4e7+F9xTloiBicavbSoVmlAYivenIVpryHanVwsQaHUw==

agora-access-token@^2.0.4:
  version "2.0.4"
  resolved "https://registry.npmmirror.com/agora-access-token/-/agora-access-token-2.0.4.tgz#6a6d5996011f6000035d923342296c2594d94f82"
  integrity sha512-RtOIvi4PqV1ok3rdnopMZeVwiUqZgG9Pp56kqxJc5cU/+ljRBzs1Al+IThD5ahm528dGsdY1TyP1bJdqmgBCbQ==
  dependencies:
    crc-32 "1.2.0"
    cuint "0.2.2"

crc-32@1.2.0:
  version "1.2.0"
  resolved "https://registry.npmmirror.com/crc-32/-/crc-32-1.2.0.tgz#cb2db6e29b88508e32d9dd0ec1693e7b41a18208"
  integrity sha512-1uBwHxF+Y/4yF5G48fwnKq6QsIXheor3ZLPT80yGBV1oEUwpPojlEhQbWKVw1VwcTQyMGHK1/XMmTjmlsmTTGA==
  dependencies:
    exit-on-epipe "~1.0.1"
    printj "~1.1.0"

cuint@0.2.2:
  version "0.2.2"
  resolved "https://registry.npmmirror.com/cuint/-/cuint-0.2.2.tgz#408086d409550c2631155619e9fa7bcadc3b991b"
  integrity sha512-d4ZVpCW31eWwCMe1YT3ur7mUDnTXbgwyzaL320DrcRT45rfjYxkt5QWLrmOJ+/UEAI2+fQgKe/fCjR8l4TpRgw==

exit-on-epipe@~1.0.1:
  version "1.0.1"
  resolved "https://registry.npmmirror.com/exit-on-epipe/-/exit-on-epipe-1.0.1.tgz#0bdd92e87d5285d267daa8171d0eb06159689692"
  integrity sha512-h2z5mrROTxce56S+pnvAV890uu7ls7f1kEvVGJbw1OlFH3/mlJ5bkXu0KRyW94v37zzHPiUd55iLn3DA7TjWpw==

printj@~1.1.0:
  version "1.1.2"
  resolved "https://registry.npmmirror.com/printj/-/printj-1.1.2.tgz#d90deb2975a8b9f600fb3a1c94e3f4c53c78a222"
  integrity sha512-zA2SmoLaxZyArQTOPj5LXecR+RagfPSU5Kw1qP+jkWeNlrq+eJZyY2oS68SU1Z/7/myXM4lo9716laOFAVStCQ==

typescript@^4.0.0:
  version "4.7.3"
  resolved "https://registry.npmmirror.com/typescript/-/typescript-4.7.3.tgz#8364b502d5257b540f9de4c40be84c98e23a129d"
  integrity sha512-WOkT3XYvrpXx4vMMqlD+8R8R37fZkjyLGlxavMc4iB8lrl8L0DeTcHbYgw/v0N/z9wAFsgBhcsF0ruoySS22mA==
